
Microsoft Visual Studio Solution File, Format Version 12.00
# Visual Studio Version 16
VisualStudioVersion = 16.0.30711.63
MinimumVisualStudioVersion = 10.0.40219.1
Project("{FAE04EC0-301F-11D3-BF4B-00C04F79EFBC}") = "Game v1.4", "Game v1.4.csproj", "{C7FBCDBF-051F-41F6-972B-4F9571F738DE}"
EndProject
Global
	GlobalSection(SolutionConfigurationPlatforms) = preSolution
		Debug|Any CPU = Debug|Any CPU
		Release|Any CPU = Release|Any CPU
	EndGlobalSection
	GlobalSection(ProjectConfigurationPlatforms) = postSolution
		{C7FBCDBF-051F-41F6-972B-4F9571F738DE}.Debug|Any CPU.ActiveCfg = Debug|Any CPU
		{C7FBCDBF-051F-41F6-972B-4F9571F738DE}.Debug|Any CPU.Build.0 = Debug|Any CPU
		{C7FBCDBF-051F-41F6-972B-4F9571F738DE}.Release|Any CPU.ActiveCfg = Release|Any CPU
		{C7FBCDBF-051F-41F6-972B-4F9571F738DE}.Release|Any CPU.Build.0 = Release|Any CPU
	EndGlobalSection
	GlobalSection(SolutionProperties) = preSolution
		HideSolutionNode = FALSE
	EndGlobalSection
	GlobalSection(ExtensibilityGlobals) = postSolution
		SolutionGuid = {57415C19-D59A-4BEC-8B5A-33726094594E}
	EndGlobalSection
EndGlobal
